{
  "requires": true,
  "lockfileVersion": 1,
  "dependencies": {
    "mousetrap": {
      "version": "1.6.5",
      "resolved": "https://registry.npmjs.org/mousetrap/-/mousetrap-1.6.5.tgz",
      "integrity": "sha512-QNo4kEepaIBwiT8CDhP98umTetp+JNfQYBWvC1pc6/OAibuXtRcxZ58Qz8skvEHYvURne/7R8T5VoOI7rDsEUA=="
    },
    "nanobar": {
      "version": "0.4.2",
      "resolved": "https://registry.npmjs.org/nanobar/-/nanobar-0.4.2.tgz",
      "integrity": "sha1-AcUS5sZi44ViaU9k5KiKJTcy9I8="
    },
    "png2icons": {
      "version": "2.0.1",
      "resolved": "https://registry.npmjs.org/png2icons/-/png2icons-2.0.1.tgz",
      "integrity": "sha512-GDEQJr8OG4e6JMp7mABtXFSEpgJa1CCpbQiAR+EjhkHJHnUL9zPPtbOrjsMD8gUbikgv3j7x404b0YJsV3aVFA=="
    },
    "sweetalert2": {
      "version": "9.10.12",
      "resolved": "https://registry.npmjs.org/sweetalert2/-/sweetalert2-9.10.12.tgz",
      "integrity": "sha512-RnarmbDGTPmwecJbaVdq5LvlzbVReIOtPk0huPnXOE19G00xMxGcTY0wjt9AjwsexUnLivLXc3b6nD6+D6NlGg=="
    }
  }
}
